
Microsoft Visual Studio Solution File, Format Version 12.00
# Visual Studio 15
VisualStudioVersion = 15.0.27004.2002
MinimumVisualStudioVersion = 10.0.40219.1
Project("{FAE04EC0-301F-11D3-BF4B-00C04F79EFBC}") = "Part18", "Part18\Part18.csproj", "{4E499630-63AB-4295-B14C-655647607FBB}"
EndProject
Global
	GlobalSection(SolutionConfigurationPlatforms) = preSolution
		Debug|Any CPU = Debug|Any CPU
		Release|Any CPU = Release|Any CPU
	EndGlobalSection
	GlobalSection(ProjectConfigurationPlatforms) = postSolution
		{4E499630-63AB-4295-B14C-655647607FBB}.Debug|Any CPU.ActiveCfg = Debug|Any CPU
		{4E499630-63AB-4295-B14C-655647607FBB}.Debug|Any CPU.Build.0 = Debug|Any CPU
		{4E499630-63AB-4295-B14C-655647607FBB}.Release|Any CPU.ActiveCfg = Release|Any CPU
		{4E499630-63AB-4295-B14C-655647607FBB}.Release|Any CPU.Build.0 = Release|Any CPU
	EndGlobalSection
	GlobalSection(SolutionProperties) = preSolution
		HideSolutionNode = FALSE
	EndGlobalSection
	GlobalSection(ExtensibilityGlobals) = postSolution
		SolutionGuid = {4AEABD9E-32CF-4495-8C14-E9CA7E308FFB}
	EndGlobalSection
EndGlobal
